
Microsoft Visual Studio Solution File, Format Version 12.00
# Visual Studio Version 17
Project("{8BC9CEB8-8B4A-11D0-8D11-00A0C91BC942}") = "Challenges", "Challenges\Challenges.vcxproj", "{1BF2D198-07AA-13E6-70B1-EC415C88AED6}"
EndProject
Project("{2150E333-8FDC-42A3-9474-1A3956D46DE8}") = "Utils", "Utils", "{BDF47F17-29AA-F80C-B29E-F2E31E53EF10}"
EndProject
Project("{8BC9CEB8-8B4A-11D0-8D11-00A0C91BC942}") = "Utils", "Utils\Utils.vcxproj", "{F68B420E-62A0-6ABF-2B22-0E1F97F566F0}"
EndProject
Global
	GlobalSection(SolutionConfigurationPlatforms) = preSolution
		Debug|x64 = Debug|x64
		Dist|x64 = Dist|x64
		Release|x64 = Release|x64
	EndGlobalSection
	GlobalSection(ProjectConfigurationPlatforms) = postSolution
		{1BF2D198-07AA-13E6-70B1-EC415C88AED6}.Debug|x64.ActiveCfg = Debug|x64
		{1BF2D198-07AA-13E6-70B1-EC415C88AED6}.Debug|x64.Build.0 = Debug|x64
		{1BF2D198-07AA-13E6-70B1-EC415C88AED6}.Dist|x64.ActiveCfg = Dist|x64
		{1BF2D198-07AA-13E6-70B1-EC415C88AED6}.Dist|x64.Build.0 = Dist|x64
		{1BF2D198-07AA-13E6-70B1-EC415C88AED6}.Release|x64.ActiveCfg = Release|x64
		{1BF2D198-07AA-13E6-70B1-EC415C88AED6}.Release|x64.Build.0 = Release|x64
		{F68B420E-62A0-6ABF-2B22-0E1F97F566F0}.Debug|x64.ActiveCfg = Debug|x64
		{F68B420E-62A0-6ABF-2B22-0E1F97F566F0}.Debug|x64.Build.0 = Debug|x64
		{F68B420E-62A0-6ABF-2B22-0E1F97F566F0}.Dist|x64.ActiveCfg = Dist|x64
		{F68B420E-62A0-6ABF-2B22-0E1F97F566F0}.Dist|x64.Build.0 = Dist|x64
		{F68B420E-62A0-6ABF-2B22-0E1F97F566F0}.Release|x64.ActiveCfg = Release|x64
		{F68B420E-62A0-6ABF-2B22-0E1F97F566F0}.Release|x64.Build.0 = Release|x64
	EndGlobalSection
	GlobalSection(SolutionProperties) = preSolution
		HideSolutionNode = FALSE
	EndGlobalSection
	GlobalSection(NestedProjects) = preSolution
		{F68B420E-62A0-6ABF-2B22-0E1F97F566F0} = {BDF47F17-29AA-F80C-B29E-F2E31E53EF10}
	EndGlobalSection
EndGlobal
