<?xml version="1.0" encoding="utf-8"?>
<Project ToolsVersion="4.0" xmlns="http://schemas.microsoft.com/developer/msbuild/2003">
  <ItemGroup>
    <Filter Include="Source Files">
      <UniqueIdentifier>{4FC737F1-C7A5-4376-A066-2A32D752A2FF}</UniqueIdentifier>
      <Extensions>cpp;c;cc;cxx;c++;cppm;ixx;def;odl;idl;hpj;bat;asm;asmx</Extensions>
    </Filter>
    <Filter Include="Header Files">
      <UniqueIdentifier>{93995380-89BD-4b04-88EB-625FBE52EBFB}</UniqueIdentifier>
      <Extensions>h;hh;hpp;hxx;h++;hm;inl;inc;ipp;xsd</Extensions>
    </Filter>
    <Filter Include="Resource Files">
      <UniqueIdentifier>{67DA6AB6-F800-4c08-8B7A-83BB121AAD01}</UniqueIdentifier>
      <Extensions>rc;ico;cur;bmp;dlg;rc2;rct;bin;rgs;gif;jpg;jpeg;jpe;resx;tiff;tif;png;wav;mfcribbon-ms</Extensions>
    </Filter>
  </ItemGroup>
  <ItemGroup>
    <ClCompile Include="Challenges\1. Two sum\Solution1.cpp">
      <Filter>Source Files</Filter>
    </ClCompile>
    <ClCompile Include="main.cpp">
      <Filter>Source Files</Filter>
    </ClCompile>
    <ClCompile Include="Challenges\2. Add two numbers\Solution2.cpp">
      <Filter>Source Files</Filter>
    </ClCompile>
    <ClCompile Include="Challenges\3. Longest Substring Without Repeating Characters\Solution3.cpp">
      <Filter>Source Files</Filter>
    </ClCompile>
    <ClCompile Include="Challenges\4. Median of Two Sorted Arrays\Solution4.cpp">
      <Filter>Source Files</Filter>
    </ClCompile>
    <ClCompile Include="Challenges\5. Longest Palindromic Substring\Solution5.cpp">
      <Filter>Source Files</Filter>
    </ClCompile>
    <ClCompile Include="Challenges\12. Integer to Roman\Solution12.cpp">
      <Filter>Source Files</Filter>
    </ClCompile>
    <ClCompile Include="Challenges\13. Roman to Integer\Solution13.cpp">
      <Filter>Source Files</Filter>
    </ClCompile>
    <ClCompile Include="Challenges\14. Longest Common Prefix\Solution14.cpp">
      <Filter>Source Files</Filter>
    </ClCompile>
    <ClCompile Include="Challenges\15. 3Sum\Solution15.cpp">
      <Filter>Source Files</Filter>
    </ClCompile>
    <ClCompile Include="Challenges\16. 3Sum Closest\Solution16.cpp">
      <Filter>Source Files</Filter>
    </ClCompile>
    <ClCompile Include="Challenges\17. Letter Combinations of a Phone Number\Solution17.cpp">
      <Filter>Source Files</Filter>
    </ClCompile>
    <ClCompile Include="Challenges\18. 4Sum\Solution18.cpp">
      <Filter>Source Files</Filter>
    </ClCompile>
    <ClCompile Include="Challenges\19. Remove Nth Node From End of List\Solution19.cpp">
      <Filter>Source Files</Filter>
    </ClCompile>
    <ClCompile Include="Challenges\20. Valid Parentheses\Solution20.cpp">
      <Filter>Source Files</Filter>
    </ClCompile>
    <ClCompile Include="Challenges\21. Merge Two Sorted Lists\Solution21.cpp">
      <Filter>Source Files</Filter>
    </ClCompile>
    <ClCompile Include="Challenges\22. Generate Parentheses\Solution22.cpp">
      <Filter>Source Files</Filter>
    </ClCompile>
    <ClCompile Include="Challenges\23. Merge k Sorted Lists\Solution23.cpp">
      <Filter>Source Files</Filter>
    </ClCompile>
    <ClCompile Include="Challenges\24. Swap Nodes in Pairs\Solution24.cpp">
      <Filter>Source Files</Filter>
    </ClCompile>
    <ClCompile Include="Challenges\25. Reverse Nodes in k-Group\Solution25.cpp">
      <Filter>Source Files</Filter>
    </ClCompile>
    <ClCompile Include="Challenges\26. Remove Duplicates from Sorted Array\Solution26.cpp">
      <Filter>Source Files</Filter>
    </ClCompile>
    <ClCompile Include="Challenges\27. Remove Element\Solution27.cpp">
      <Filter>Source Files</Filter>
    </ClCompile>
    <ClCompile Include="Challenges\28. Find the Index of the First Occurrence in a String\Solution28.cpp">
      <Filter>Source Files</Filter>
    </ClCompile>
    <ClCompile Include="Challenges\29. Divide Two Integers\Solution29.cpp">
      <Filter>Source Files</Filter>
    </ClCompile>
    <ClCompile Include="Challenges\30. Substring with Concatenation of All Words\Solution30.cpp">
      <Filter>Source Files</Filter>
    </ClCompile>
    <ClCompile Include="Challenges\31. Next Permutation\Solution31.cpp">
      <Filter>Source Files</Filter>
    </ClCompile>
    <ClCompile Include="Challenges\32. Longest Valid Parentheses\Solution32.cpp">
      <Filter>Source Files</Filter>
    </ClCompile>
    <ClCompile Include="Challenges\496. Next Greater Element I\Solution496.cpp">
      <Filter>Source Files</Filter>
    </ClCompile>
    <ClCompile Include="Challenges\33. Search in Rotated Sorted Array\Solution33.cpp">
      <Filter>Source Files</Filter>
    </ClCompile>
    <ClCompile Include="Challenges\6. Zigzag Conversion\Solution6.cpp">
      <Filter>Source Files</Filter>
    </ClCompile>
    <ClCompile Include="Challenges\7. Reverse Integer\Solution7.cpp">
      <Filter>Source Files</Filter>
    </ClCompile>
    <ClCompile Include="Challenges\8. String to Integer %28atoi%29\Solution8.cpp">
      <Filter>Source Files</Filter>
    </ClCompile>
    <ClCompile Include="Challenges\9. Palindrome Number\Solution9.cpp">
      <Filter>Source Files</Filter>
    </ClCompile>
    <ClCompile Include="Challenges\10. Regular Expression Matching\Solution10.cpp">
      <Filter>Source Files</Filter>
    </ClCompile>
    <ClCompile Include="Challenges\11. Container With Most Water\Solution11.cpp">
      <Filter>Source Files</Filter>
    </ClCompile>
    <ClCompile Include="Challenges\501. Find Mode in Binary Search Tree\Solution501.cpp">
      <Filter>Source Files</Filter>
    </ClCompile>
    <ClCompile Include="Challenges\34. Find First and Last Position of Element in Sorted Array\Solution34.cpp">
      <Filter>Source Files</Filter>
    </ClCompile>
    <ClCompile Include="Challenges\35. Search Insert Position\Solution35.cpp">
      <Filter>Source Files</Filter>
    </ClCompile>
    <ClCompile Include="Challenges\36. Valid Sudoku\Solution36.cpp">
      <Filter>Source Files</Filter>
    </ClCompile>
    <ClCompile Include="Challenges\37. Sudoku Solver\Solution37.cpp">
      <Filter>Source Files</Filter>
    </ClCompile>
    <ClCompile Include="Challenges\38. Count and Say\Solution38.cpp">
      <Filter>Source Files</Filter>
    </ClCompile>
    <ClCompile Include="Challenges\39. Combination Sum\Solution39.cpp">
      <Filter>Source Files</Filter>
    </ClCompile>
    <ClCompile Include="Challenges\40. Combination Sum II\Solution40.cpp">
      <Filter>Source Files</Filter>
    </ClCompile>
    <ClCompile Include="Challenges\41. First Missing Positive\Solution41.cpp">
      <Filter>Source Files</Filter>
    </ClCompile>
    <ClCompile Include="Challenges\42. Trapping Rain Water\Solution42.cpp">
      <Filter>Source Files</Filter>
    </ClCompile>
    <ClCompile Include="Challenges\43. Multiply Strings\Solution43.cpp">
      <Filter>Source Files</Filter>
    </ClCompile>
    <ClCompile Include="Precompiled Headers\pch.cpp">
      <Filter>Source Files</Filter>
    </ClCompile>
  </ItemGroup>
  <ItemGroup>
    <ClInclude Include="Challenges\1. Two sum\Solution1.h">
      <Filter>Header Files</Filter>
    </ClInclude>
    <ClInclude Include="Challenges\2. Add two numbers\Solution2.h">
      <Filter>Header Files</Filter>
    </ClInclude>
    <ClInclude Include="Challenges\3. Longest Substring Without Repeating Characters\Solution3.h">
      <Filter>Header Files</Filter>
    </ClInclude>
    <ClInclude Include="Challenges\4. Median of Two Sorted Arrays\Solution4.h">
      <Filter>Header Files</Filter>
    </ClInclude>
    <ClInclude Include="Challenges\5. Longest Palindromic Substring\Solution5.h">
      <Filter>Header Files</Filter>
    </ClInclude>
    <ClInclude Include="Challenges\12. Integer to Roman\Solution12.h">
      <Filter>Header Files</Filter>
    </ClInclude>
    <ClInclude Include="Challenges\13. Roman to Integer\Solution13.h">
      <Filter>Header Files</Filter>
    </ClInclude>
    <ClInclude Include="Challenges\14. Longest Common Prefix\Solution14.h">
      <Filter>Header Files</Filter>
    </ClInclude>
    <ClInclude Include="Challenges\15. 3Sum\Solution15.h">
      <Filter>Header Files</Filter>
    </ClInclude>
    <ClInclude Include="Challenges\16. 3Sum Closest\Solution16.h">
      <Filter>Header Files</Filter>
    </ClInclude>
    <ClInclude Include="Challenges\17. Letter Combinations of a Phone Number\Solution17.h">
      <Filter>Header Files</Filter>
    </ClInclude>
    <ClInclude Include="Challenges\18. 4Sum\Solution18.h">
      <Filter>Header Files</Filter>
    </ClInclude>
    <ClInclude Include="Challenges\19. Remove Nth Node From End of List\Solution19.h">
      <Filter>Header Files</Filter>
    </ClInclude>
    <ClInclude Include="Challenges\20. Valid Parentheses\Solution20.h">
      <Filter>Header Files</Filter>
    </ClInclude>
    <ClInclude Include="Challenges\21. Merge Two Sorted Lists\Solution21.h">
      <Filter>Header Files</Filter>
    </ClInclude>
    <ClInclude Include="Challenges\22. Generate Parentheses\Solution22.h">
      <Filter>Header Files</Filter>
    </ClInclude>
    <ClInclude Include="Challenges\23. Merge k Sorted Lists\Solution23.h">
      <Filter>Header Files</Filter>
    </ClInclude>
    <ClInclude Include="Challenges\24. Swap Nodes in Pairs\Solution24.h">
      <Filter>Header Files</Filter>
    </ClInclude>
    <ClInclude Include="Challenges\25. Reverse Nodes in k-Group\Solution25.h">
      <Filter>Header Files</Filter>
    </ClInclude>
    <ClInclude Include="Challenges\26. Remove Duplicates from Sorted Array\Solution26.h">
      <Filter>Header Files</Filter>
    </ClInclude>
    <ClInclude Include="Challenges\27. Remove Element\Solution27.h">
      <Filter>Header Files</Filter>
    </ClInclude>
    <ClInclude Include="Challenges\28. Find the Index of the First Occurrence in a String\Solution28.h">
      <Filter>Header Files</Filter>
    </ClInclude>
    <ClInclude Include="Challenges\29. Divide Two Integers\Solution29.h">
      <Filter>Header Files</Filter>
    </ClInclude>
    <ClInclude Include="Challenges\30. Substring with Concatenation of All Words\Solution30.h">
      <Filter>Header Files</Filter>
    </ClInclude>
    <ClInclude Include="Challenges\31. Next Permutation\Solution31.h">
      <Filter>Header Files</Filter>
    </ClInclude>
    <ClInclude Include="Challenges\32. Longest Valid Parentheses\Solution32.h">
      <Filter>Header Files</Filter>
    </ClInclude>
    <ClInclude Include="Challenges\496. Next Greater Element I\Solution496.h">
      <Filter>Header Files</Filter>
    </ClInclude>
    <ClInclude Include="Challenges\33. Search in Rotated Sorted Array\Solution33.h">
      <Filter>Header Files</Filter>
    </ClInclude>
    <ClInclude Include="Challenges\6. Zigzag Conversion\Solution6.h">
      <Filter>Header Files</Filter>
    </ClInclude>
    <ClInclude Include="Challenges\7. Reverse Integer\Solution7.h">
      <Filter>Header Files</Filter>
    </ClInclude>
    <ClInclude Include="Challenges\8. String to Integer %28atoi%29\Solution8.h">
      <Filter>Header Files</Filter>
    </ClInclude>
    <ClInclude Include="Challenges\9. Palindrome Number\Solution9.h">
      <Filter>Header Files</Filter>
    </ClInclude>
    <ClInclude Include="Challenges\10. Regular Expression Matching\Solution10.h">
      <Filter>Header Files</Filter>
    </ClInclude>
    <ClInclude Include="Challenges\11. Container With Most Water\Solution11.h">
      <Filter>Header Files</Filter>
    </ClInclude>
    <ClInclude Include="Challenges\501. Find Mode in Binary Search Tree\Solution501.h">
      <Filter>Header Files</Filter>
    </ClInclude>
    <ClInclude Include="Challenges\34. Find First and Last Position of Element in Sorted Array\Solution34.h">
      <Filter>Header Files</Filter>
    </ClInclude>
    <ClInclude Include="Challenges\35. Search Insert Position\Solution35.h">
      <Filter>Header Files</Filter>
    </ClInclude>
    <ClInclude Include="Challenges\36. Valid Sudoku\Solution36.h">
      <Filter>Header Files</Filter>
    </ClInclude>
    <ClInclude Include="Challenges\37. Sudoku Solver\Solution37.h">
      <Filter>Header Files</Filter>
    </ClInclude>
    <ClInclude Include="Challenges\38. Count and Say\Solution38.h">
      <Filter>Header Files</Filter>
    </ClInclude>
    <ClInclude Include="Challenges\39. Combination Sum\Solution39.h">
      <Filter>Header Files</Filter>
    </ClInclude>
    <ClInclude Include="Challenges\40. Combination Sum II\Solution40.h">
      <Filter>Header Files</Filter>
    </ClInclude>
    <ClInclude Include="Challenges\41. First Missing Positive\Solution41.h">
      <Filter>Header Files</Filter>
    </ClInclude>
    <ClInclude Include="Challenges\42. Trapping Rain Water\Solution42.h">
      <Filter>Header Files</Filter>
    </ClInclude>
    <ClInclude Include="Challenges\43. Multiply Strings\Solution43.h">
      <Filter>Header Files</Filter>
    </ClInclude>
    <ClInclude Include="Precompiled Headers\pch.h">
      <Filter>Header Files</Filter>
    </ClInclude>
  </ItemGroup>
</Project>